
Microsoft Visual Studio Solution File, Format Version 12.00
# Visual Studio Version 17
VisualStudioVersion = 17.14.36623.8 d17.14
MinimumVisualStudioVersion = 10.0.40219.1
Project("{FAE04EC0-301F-11D3-BF4B-00C04F79EFBC}") = "CrossPlatformProject", "CrossPlatformProject\CrossPlatformProject.csproj", "{02A85747-6DDB-435E-93B5-016C15F8A55F}"
EndProject
Global
	GlobalSection(SolutionConfigurationPlatforms) = preSolution
		Debug|Any CPU = Debug|Any CPU
		Release|Any CPU = Release|Any CPU
	EndGlobalSection
	GlobalSection(ProjectConfigurationPlatforms) = postSolution
		{02A85747-6DDB-435E-93B5-016C15F8A55F}.Debug|Any CPU.ActiveCfg = Debug|Any CPU
		{02A85747-6DDB-435E-93B5-016C15F8A55F}.Debug|Any CPU.Build.0 = Debug|Any CPU
		{02A85747-6DDB-435E-93B5-016C15F8A55F}.Release|Any CPU.ActiveCfg = Release|Any CPU
		{02A85747-6DDB-435E-93B5-016C15F8A55F}.Release|Any CPU.Build.0 = Release|Any CPU
	EndGlobalSection
	GlobalSection(SolutionProperties) = preSolution
		HideSolutionNode = FALSE
	EndGlobalSection
	GlobalSection(ExtensibilityGlobals) = postSolution
		SolutionGuid = {BC50E167-1D7C-4DFC-8D34-D08E453EE766}
	EndGlobalSection
EndGlobal
